
Microsoft Visual Studio Solution File, Format Version 10.00
# Visual Studio 2008
Project("{FAE04EC0-301F-11D3-BF4B-00C04F79EFBC}") = "Gaiaware.Salesforce", "Gaiaware.Salesforce\Gaiaware.Salesforce.csproj", "{B7245E39-D442-46FA-93E4-61433D3C0575}"
EndProject
Project("{FAE04EC0-301F-11D3-BF4B-00C04F79EFBC}") = "Gaiaware.SalesforceWrapper", "Gaiaware.SalesforceWrapper\Gaiaware.SalesforceWrapper.csproj", "{62677984-1349-4F27-B27C-7004F789C925}"
EndProject
Project("{FAE04EC0-301F-11D3-BF4B-00C04F79EFBC}") = "SampleWeb", "SampleWeb\SampleWeb.csproj", "{79D9444C-4D5A-4745-9D83-0D7C36027221}"
EndProject
Project("{FAE04EC0-301F-11D3-BF4B-00C04F79EFBC}") = "SalesforceDotNet.Tests.Salesforce.Unit", "SalesforceDotNet.Tests.Unit\SalesforceDotNet.Tests.Salesforce.Unit.csproj", "{4A600031-B980-411A-AB1C-7FC5B9FCEBF1}"
EndProject
Project("{2150E333-8FDC-42A3-9474-1A3956D46DE8}") = "Tests", "Tests", "{5B803F62-063D-43CE-A7FB-DC176511D359}"
EndProject
Global
	GlobalSection(SolutionConfigurationPlatforms) = preSolution
		Debug|Any CPU = Debug|Any CPU
		Release|Any CPU = Release|Any CPU
	EndGlobalSection
	GlobalSection(ProjectConfigurationPlatforms) = postSolution
		{B7245E39-D442-46FA-93E4-61433D3C0575}.Debug|Any CPU.ActiveCfg = Debug|Any CPU
		{B7245E39-D442-46FA-93E4-61433D3C0575}.Debug|Any CPU.Build.0 = Debug|Any CPU
		{B7245E39-D442-46FA-93E4-61433D3C0575}.Release|Any CPU.ActiveCfg = Release|Any CPU
		{B7245E39-D442-46FA-93E4-61433D3C0575}.Release|Any CPU.Build.0 = Release|Any CPU
		{62677984-1349-4F27-B27C-7004F789C925}.Debug|Any CPU.ActiveCfg = Debug|Any CPU
		{62677984-1349-4F27-B27C-7004F789C925}.Debug|Any CPU.Build.0 = Debug|Any CPU
		{62677984-1349-4F27-B27C-7004F789C925}.Release|Any CPU.ActiveCfg = Release|Any CPU
		{62677984-1349-4F27-B27C-7004F789C925}.Release|Any CPU.Build.0 = Release|Any CPU
		{79D9444C-4D5A-4745-9D83-0D7C36027221}.Debug|Any CPU.ActiveCfg = Debug|Any CPU
		{79D9444C-4D5A-4745-9D83-0D7C36027221}.Debug|Any CPU.Build.0 = Debug|Any CPU
		{79D9444C-4D5A-4745-9D83-0D7C36027221}.Release|Any CPU.ActiveCfg = Release|Any CPU
		{79D9444C-4D5A-4745-9D83-0D7C36027221}.Release|Any CPU.Build.0 = Release|Any CPU
		{4A600031-B980-411A-AB1C-7FC5B9FCEBF1}.Debug|Any CPU.ActiveCfg = Debug|Any CPU
		{4A600031-B980-411A-AB1C-7FC5B9FCEBF1}.Debug|Any CPU.Build.0 = Debug|Any CPU
		{4A600031-B980-411A-AB1C-7FC5B9FCEBF1}.Release|Any CPU.ActiveCfg = Release|Any CPU
		{4A600031-B980-411A-AB1C-7FC5B9FCEBF1}.Release|Any CPU.Build.0 = Release|Any CPU
	EndGlobalSection
	GlobalSection(SolutionProperties) = preSolution
		HideSolutionNode = FALSE
	EndGlobalSection
	GlobalSection(NestedProjects) = preSolution
		{4A600031-B980-411A-AB1C-7FC5B9FCEBF1} = {5B803F62-063D-43CE-A7FB-DC176511D359}
	EndGlobalSection
EndGlobal
